
Microsoft Visual Studio Solution File, Format Version 12.00
# Visual Studio 14
VisualStudioVersion = 14.0.24720.0
MinimumVisualStudioVersion = 10.0.40219.1
Project("{FAE04EC0-301F-11D3-BF4B-00C04F79EFBC}") = "UnitTests", "..\UnitTests\UnitTests.csproj", "{7625BDA0-A894-483C-B6F4-89EBE8940434}"
EndProject
Project("{FAE04EC0-301F-11D3-BF4B-00C04F79EFBC}") = "MadcowModel", "..\Model\MadcowModel\MadcowModel.csproj", "{6A795DFF-DD71-4164-9345-0D22F2A4B8FF}"
EndProject
Project("{FAE04EC0-301F-11D3-BF4B-00C04F79EFBC}") = "ConsoleTest", "..\ConsoleTest\ConsoleTest.csproj", "{B067154C-3DB0-4E06-997A-FF54EA39905E}"
EndProject
Global
	GlobalSection(SolutionConfigurationPlatforms) = preSolution
		Debug|Any CPU = Debug|Any CPU
		Release|Any CPU = Release|Any CPU
	EndGlobalSection
	GlobalSection(ProjectConfigurationPlatforms) = postSolution
		{7625BDA0-A894-483C-B6F4-89EBE8940434}.Debug|Any CPU.ActiveCfg = Debug|Any CPU
		{7625BDA0-A894-483C-B6F4-89EBE8940434}.Debug|Any CPU.Build.0 = Debug|Any CPU
		{7625BDA0-A894-483C-B6F4-89EBE8940434}.Release|Any CPU.ActiveCfg = Release|Any CPU
		{7625BDA0-A894-483C-B6F4-89EBE8940434}.Release|Any CPU.Build.0 = Release|Any CPU
		{6A795DFF-DD71-4164-9345-0D22F2A4B8FF}.Debug|Any CPU.ActiveCfg = Debug|Any CPU
		{6A795DFF-DD71-4164-9345-0D22F2A4B8FF}.Debug|Any CPU.Build.0 = Debug|Any CPU
		{6A795DFF-DD71-4164-9345-0D22F2A4B8FF}.Release|Any CPU.ActiveCfg = Release|Any CPU
		{6A795DFF-DD71-4164-9345-0D22F2A4B8FF}.Release|Any CPU.Build.0 = Release|Any CPU
		{B067154C-3DB0-4E06-997A-FF54EA39905E}.Debug|Any CPU.ActiveCfg = Debug|Any CPU
		{B067154C-3DB0-4E06-997A-FF54EA39905E}.Debug|Any CPU.Build.0 = Debug|Any CPU
		{B067154C-3DB0-4E06-997A-FF54EA39905E}.Release|Any CPU.ActiveCfg = Release|Any CPU
		{B067154C-3DB0-4E06-997A-FF54EA39905E}.Release|Any CPU.Build.0 = Release|Any CPU
	EndGlobalSection
	GlobalSection(SolutionProperties) = preSolution
		HideSolutionNode = FALSE
	EndGlobalSection
EndGlobal
